/1.0/">
         <tiff:Orientation>1</tiff:Orientation>
         <tiff:XResolution>1199896/10000</tiff:XResolution>
         <tiff:YResolution>1199896/10000</tiff:YResolution>
         <tiff:ResolutionUnit>2</tiff:ResolutionUnit>
         <tiff:NativeDigest>256,257,258,259,262,274,277,284,530,531,282,283,296,301,318,319,529,532,306,270,271,272,305,315,33432;259216FB922CD797EEAB928BC7564CA3</tiff:NativeDigest>
      </rdf:Description>
      <rdf:Description rdf:about=""
            xmlns:exif="http://ns.adobe.com/exif/1.0/">
         <exif:PixelXDimension>727</exif:PixelXDimension>
         <exif:PixelYDimension>225</exif:PixelYDimension>
         <exif:ColorSpace>1</exif:ColorSpace>
         <exif:NativeDigest>36864,40960,40961,37121,37122,40962,40963,37510,40964,36867,36868,33434,33437,34850,34852,34855,34856,37377,37378,37379,37380,37381,37382,37383,37384,37385,37386,37396,41483,41484,41486,41487,41488,41492,41493,41495,41728,41729,41730,41985,41986,41987,41988,41989,41990,41991,41992,41993,41994,41995,41996,42016,0,2,4,5,6,7,8,9,10,11,12,13,14,15