uL0969e1VUVKSBgQHt3r1bb7zxhrKysiRJtbW1SkhI0MGDB5WTk6OTJ0+qsbFR7e3tSk9PlyTt2rVLGRkZOnXqlJKSkuR2u3XixAlduHBBDodDkrRjxw4VFBRoy5YtioqKUl1dnW7cuKGamhrZbDYlJyfr9OnTqqyslMvlUlBQ0H2qHAAAAAAAuBs0YAAAwLT25ptvKicnR5///Od1+PBhzZ07V8XFxSosLJQknTlzRh6PR06n07zGZrMpMzNTra2tKioqUmdnp3w+n1/G4XAoOTlZra2tysnJUVtbm+x2u9l8kaSFCxfKbrertbVVSUlJamtrU3Jystl8kaScnBx5vV51dnZq6dKlamtrU2Zmpmw2m1+mrKxMZ8+eVWJi4pj36PV65fV6zdeDg4OSJJ/PJ5/Pd1f1G73eNmPiLdDu9hnT1WhdqM/kULfAULfAULfAWVk76g8AAKYrGjAAAGBa+81vfqPXXntNLpdLr7zyio4ePaqSkhLZbDa9+OKL8ng8kqS4uDi/6+Li4nTu3DlJksfjUVhYmKKjo8dkRq/3eDyKjY0d8/zY2Fi/zK3PiY6OVlhYmF/m/St03j82j8czbgNm69at2rRp05jjbrdbERER4xdmkr6VdnPCcwcOHLDkGdNVU1PTVA/hoUTdAkPdAkPdAmdF7a5fv27BSAAAAB48NGAAAMC0dvPmTaWlpamiokKS9IlPfELHjx/Xa6+9phdffNHM3bq1l2EYd9zu69bMeHkrMoZhTHitJJWVlcnlcpmvBwcHlZCQIKfTqaioqNu+hzvx+XxqamrS19+eIe/N8Z/fU55zV8+YrkZrl52drdDQ0KkezkODugWGugWGugXOytqNrtwEAACYbmjAAACAaW3OnDlasGCB37H58+dr3759kqT4+HhJ760umTNnjpnp6+szV57Ex8dreHhY/f39fqtg+vr6tGjRIjNz6dKlMc9/5513/O5z5MgRv/P9/f3y+Xx+mdHVMO9/jjR