rlllv02WefeRwbFBSkUaNGeWxLSEhQdXW1Nm/ebJ7z2muv1ciRIz3OeeuttyosLMzjnF9//bUSEhIUFhYmb29v+fr6Kjo6WpL05ZdfXrbv3dh5NuSPf/yjBg0apGuuuUY+Pj7y9fXV4sWLGz3/M2fOaOPGjfrpT3+qgIAAjzndd999OnPmjLZs2dLgdwIAAJfu9ttvlySNGTNG//u//6tvvvmmVsy6desUERGhW2+91eM3Oy4uTl5eXuY64tNPP5UkPfzwwx7HJyQkNHpeH374odq2bXtRbSyGDBmioKAg83NoaKg6duyoAwcOXPDYi1nvAQCAf2mpa4cao0ePVtu2bc3PQUFBGjlypDZv3nzBFqNhYWG64447PLbdfPPNF7WmON+tt96q66+/3vzctm1b9ezZ09K5fnzOzp07m5979eol6VwrsB+/d6Vme11j1Zfrmn8Wjb12FhISonvuucfydwIagwIM0AL9uHXXkSNHZBiGQkND5evr6/Fny5Yt+v777z2O/fEjlTXCwsIkSUePHjXPeezYMfn5+dU6Z3FxsXnOEydO6K677tLWrVv18ssv67PPPlN+fr4++OADSdLp06dt+84BAQEKDg722Hax82zIBx98oDFjxqhz585avny58vLylJ+fr//8z//UmTNnGjXHo0eP6uzZs8rIyKg1n/vuu0+Sas2pMW3YAADAxbn77rv15z//WWfPntUvfvELdenSRREREXr33XfNmCNHjugf//hHrd/soKAgGYZh/mYfPXpUPj4+at++vccYNeunxvjuu+/kcrkuqo3F+eNJ51qoXsz66mLWewAA4F9a6tqhoWPDwsJUUVGhEydONHjspawpLue5arRr187js5+fX4Pbz79W01Cuf3ydqzHXzrhWg6bEO2CAFujHLzPr0KGDvLy89Pnnn5vvNfmx87cdOXKkVkxxcbGkf/2QdujQQe3bt1dmZmad49fcjfnJJ5/o22+/1WeffWY+9SJJx44da9wXugh1vcDtYufZkOXLl6t79+567733PMZwu92NnmNISIi8vb2VmJ