GAAQAAAAAAAAAAsBkNGAAAAAAAAAAAAJvRgAEAAAAAAAAAALAZDRgAAAAAAAAAAACb0YABAAAAAAAAAACwGQ0YAAAAAAAAAAAAm9GAAQAAAAAAAAAAsBkNGAAAAAAAAAAAAJu1uAHz1VdfaeLEieratasCAgJ0xx13qLi42NxvGIbS0tLkcrnk7++vESNG6LPPPvM4htvt1pNPPqlu3bopMDBQ48aN05EjRzxqKioqlJSUJKfTKafTqaSkJB0/ftyj5tChQxo7dqwCAwPVrVs3TZ8+XdXV1R41u3fvVkxMjPz9/dWzZ0/NnTtXhmG09GMDAAAAAAAAAABcthY1YCoqKjR8+HD5+vrqww8/1J49e7R48WLdcMMNZs3ChQuVkZGhpUuXqqioSGFhYYqNjdWJEyfMmpSUFK1bt05ZWVnKy8vTyZMnlZCQoNraWrMmMTFRu3btUnZ2trKzs7Vr1y4lJSWZ+2trazVmzBidOnVKeXl5ysrK0nvvvacZM2aYNVVVVYqNjZXL5VJRUZEyMzO1aNEiZWRkWMkKAAAAAAAAAADgsvi0pHjBggXq3bu33nrrLXNbnz59zP9tGIaWLFmiZ599VuPHj5ckrVq1SqGhoVq7dq2mTJmiyspKrVixQm+//bZGjx4tSVq9erV69+6tjz76SPHx8fr888+VnZ2twsJCDRkyRJK0fPlyRUdHa+/evYqIiFBOTo727Nmjw4cPy+VySZIWL16s5ORkzZs3T8HBwVqzZo3Onj2rlStXyuFwKDIyUvv27VNGRoZSU1Pl5eV1ReEBAAAAAAAAAAA0pkUNmPXr1ys+Pl7/9m//pi1btqhnz56aOnWqJk+eLEnav3+/ysrKFBcXZ77H4XAoJiZG+fn5mjJlioqLi1VTU+NR43K5FBkZqfz8fMXHx6ugoEBOp9NsvkjS0KFD5XQ6lZ+fr4iICBUUFCgyMtJsvkhSfHy83G63iouLNXLkSBUUFCgmJkYOh8OjZtasWTpw4IDCw8MbfEa32y23222+rqqqkiTV1NSopqamJXE1qv4YdhzrekJu1pCbNeRmHdk