VWVt7jSgEAAAAAACuFTPUAAAAA7qXGxka/16+//rpiY2PV2dmpP/3TP5VhGNq5c6c2btyo5557TpK0Z88excXFae/evSoqKtLAwIB2796tN954Q1lZWZKk2tpaJSQk6ODBg8rJydHJkyfV2Nio9vZ2paenS5J27dqljIwMnTp1SklJSXK73Tpx4oQuXLggh8MhSdqxY4cKCgq0ZcsWRUVFqa6uTjdu3FBNTY1sNpuSk5N1+vRpVVZWyuVyKSgo6D5WDwAAAAAABIoGDAAAeKQMDAxIkmbPni1JOnPmjDwej5xOp5mx2WzKzMxUa2urioqK1NnZKZ/P55dxOBxKTk5Wa2urcnJy1NbWJrvdbjZfJGnhwoWy2+1qbW1VUlKS2tralJycbDZfJCknJ0der1ednZ1aunSp2tralJmZKZvN5pcpKyvT2bNnlZiYOOY9eb1eeb1e8/Xg4KAkyefzyefz3VW9Rq+3zZh4C7S7fcZ0NVoX6jM51C0w1C0w1C1wVtaO+gMAgOmKBgwAAHhkGIYhl8ulT33qU0pOTpYkeTweSVJcXJxfNi4uTufOnTMzYWFhio6OHpMZvd7j8Sg2NnbMM2NjY/0ytz4nOjpaYWFhfpl58+aNec7oufEaMFu3btWmTZvGHHe73YqIiBinEpP3rbSbE547cOCAJc+YrpqamqZ6CA8l6hYY6hYY6hY4K2p3/fp1C0YCAADw4KEBAwAAHhlf+cpX9C//8i9qaWkZc+7Wrb0Mw7jjdl+3ZsbLW5ExDGPCayWprKxMLpfLfD04OKiEhAQ5nU5FRUXd9j3cic/nU1NTk77+9gx5b47//J7ynLt6xnQ1Wrvs7GyFhoZO9XAeGtQtMNQtMNQtcFbWbnTlJgAAwHRDAwYAADwS1q5dqzfffFPNzc16/PHHzePx8fGS3ltdMmfOHPN4X1+fufIkPj5ew8PD6u/v91sF09fXp0WLFpmZS5cujXnuO++843efI0eO+J3v7++Xz+fzy4yuhnn/c6Sxq3RG2Ww2vy3LRoWGhlr2DUXvzSB5R8ZvwPBNy9uz8vfhUULdAkPdAkPdAmdF7ag9AACYrmZM9QA