xZtWrVyrXN6NGjFRsb63icmpqqOnXqKCYmRpUrV77m47Db7UpMTNS4rRWUlpW7cLQzrv0178PT5WTUrl07+fr6lnR3Si1yco2M3ENO7vGknHKu3kTpcPk97CQpPj5eX3zxhebNm6dp06blan/5PewkKTw8XAMGDNCMGTOKtd8AAAAAAODaeEwBxs/PT02bNlViYqIefPBBx/LExER169Ytz20uXLggHx/nQ/T29paUfeVMXmw2m2w2W67lvr6+lp5wS8vyUlpm7gJMaT+pV5yszrysIifXyMg95OQeT8iptPevPMm5h92oUaOclru6h93YsWO1YsUKdejQQUePHnV5D7uinELV1fSpl7cpyzxpGsKiRA7ZyCEbOfyBLLJdbQ7lPTcAAFB2eUwBRpJiY2PVq1cvNWvWTFFRUXrjjTd08OBBDRw4UFL21StHjhzRO++8I0nq0qWL+vfvr3nz5jmmIBs6dKjuvPNOhYWFleShAACAcqC47mFXHFOo5jd9qlS+plD1hGkIiwM5ZCOHbOTwB7LIVtgcmD4VAACUVR5VgHnkkUd04sQJTZo0ScnJyYqMjNSKFStUr149SVJycrIOHjzoaN+3b1+dPXtWc+bM0bBhw3Tdddfpvvvu0/Tp00vqEAAAQDlU1PewK8opVF1NnyqVjylUPWkawqJEDtnIIRs5/IEssl1tDkyfCgAAyiqPKsBI0qBBgzRo0KA81y1cuDDXsmeffVbPPvtsEfcKAAAgt+K6h11xTKGa3/SpOfspLzxhGsLiQA7ZyCEbOfyBLLIVNgcyAwAAZVWFku4AAABAWXX5Pewul5iYqBYtWuS5zYULF1ShgvMQzdU97AAAAAAAQOlDAQYAAKAIxcbG6l//+pfeeust7dmzR88//3yue9j17t3b0b5Lly766KOPNG/ePP3666/65ptvNGTIEO5hBwAAAACAh/G4KcgAAAA8CfewAwAAAACgfKIAAwAAUMS4hx0AAAAAAOUPU5ABAAAAAAAAAABYjAIMAAAAAAAAAACAxSjAAAAAAAAAAAAAW