SWlXcRaGdc+b66OCejdu3aydfXt6S7UyqRkWtk5BoZueapGeVcvemKxxRg0tPTtW3bNo0aNcppeUxMjGNuUleysrJ09uxZx7ypeSnpy2A97VKrouCpl50VN3JyjYzcQ07u8aScPKGP5UVxjV8AAEDZYYzRs88+q2XLlunrr7/ONYVXeHi4QkNDlZiY6PhxRnp6utasWaPp06dLkpo2bSpfX18lJiaqR48ekqTk5GTt3LlTM2bMkCRFRUXpzJkz2rx5s+68805J0qZNm3TmzBlHkSYqKkpTpkxRcnKyo9iTkJAgm82mpk2bOtqMGTNG6enp8vPzc7QJCwvLNTVZDpvN5nTPmBy+vr6WnnxLy/JSWmbeBRhPOslXlKzOvCwiI9fIyDUycs3TMnK3rx5TgDl+/LgyMzPznOP0yl9a5OeVV17R+fPnHYOPvJT0ZbBcAvsHT7vsrKSQk2tk5B5yco8n5OTuZbAoesU1finKH5Awh3o2TyrCFiVyyEYO2cjhD2SR7WpzKO+5XWnw4MF677339Mknn6hSpUqOMUNwcLACAgLk5eWloUOHaurUqbrpppt00003aerUqQoMDFTPnj0dbfv166dhw4apWrVqqlq1qoYPH66GDRuqbdu2kqSIiAjdf//96t+/v15//XVJ0l/+8hd17txZDRo0kJT9o5Fbb71VvXr10ssvv6yTJ09q+PDh6t+/v+NKlZ49e2rixInq27evxowZo59//llTp07V+PHjXU6JBgBAWecxBZgcVzPHqSS9//77iouL0yeffJLnTeZylPRlsOX9EljJcy87K27k5BoZuYec3ONJObl7GSyKT1GPX4rjByTMoZ7NE4qwxYEcspFDNnL4A1lkK2wO/HjE2bx58yRJrVu3dlq+YMEC9e3bV5I0YsQIXbx4UYMGDdKpU6fUvHlzJSQkqFKlSo72f//73+Xj46MePXro4sWLatOmjRYuXChvb29Hm8WLF2vIkCGKiYmRJHXt2lVz5sxxrPf29tbnn3+uQYMGqWXLlgoICFDPnj01c+ZMR5vg4GAlJiZq8ODBatasmapUqaLY2