AAAAAAAAAWowADAAAAAAAAAABgMQowAAAAAAAAAAAAFqMAAwAAAAAAAAAAYDEKMAAAAAAAAAAAABajAAMAAAAAAAAAAGAxCjAAAAAAAAAAAAAWowADAAAAAAAAAABgMQowAAAAAAAAAAAAFqMAAwAAAAAAAAAAYDEKMAAAAAAAAAAAABajAAMAAAAAAAAAAGAxCjAAAAAAAAAAAAAWowADAAAAAAAAAABgMQowAAAAAAAAAAAAFqMAAwAAAAAAAAAAYDEKMAAAAAAAAAAAABajAAMAAAAAAAAAAGAxCjAAAAAAAAAAAAAWowADAAAAAAAAAABgMQowAAAAAAAAAAAAFqMAAwAAAAAAAAAAYDEKMAAAAAAAAAAAABajAAMAAAAAAAAAAGAxCjAAAAAAAAAAAAAWowADAAAAAAAAAABgMQowAAAAAAAAAAAAFqMAAwAAAAAAAAAAYDEKMAAAAAAAAAAAABajAAMAAAAAAAAAAGAxCjAAAAAAAAAAAAAWowADAAAAAAAAAABgMQowAAAAAAAAAAAAFqMAAwAAAAAAAAAAYDEKMAAAAAAAAAAAABajAAMAAAAAAAAAAGAxCjAAAAAAAAAAAAAWowADAAAAAAAAAABgMQowACyxYsUKxcXFldj+586dq4ULF17Tc9SvX199+/Z1PN6/f7+8vLyu+XkBAIBn8vLyKpLxjZeXl5555hmX7RYuXCgvLy/t37/f8j4AAADrFdXYQSqf44K+ffuqYsWKJd0N4JpQgAFgiRUrVmjixIkltn8rCjDLli3TuHHjrOkQAADANerUqZOSkpJUq1atku4KAAAoYYwLAM/kU9IdAFCwCxcuKDAwsKS7UexK4ribNGlSpM9vt9vl5eUlHx8+egEAgGs1atRQjRo1SrobAACgFGBcUHTK67k3FA+ugAFKkbi4OHl5eenbb7/VQw89pCpVqujGG2+UMUZz585V48aNFRAQoCpVquihhx7Sr7/+6rR969atFRkZqXXr1umuu+5SQECAateurXHjxikzM9OpbXp6uiZPnqxbbrlFNptNNW