t++tOfKjQ0VLm5uercubN5jD59+nicq7CwUMuXL9fixYuVmppqbr/nnnvUr18/ZWRkaMGCBR6f+w9/+IN+8IMfXNZnAQAAAAAAAHB94Q4Y4Bpz6tQpbdu2TT/+8Y/N5oskeXt7KykpSUeOHNHevXvN7ePGjfN4/2233SZJOnjwoKXzX+p4f/7zn3Xu3Dn9/Oc/17lz58w/nTt3VkxMjD755JPLPtfHH3+sAQMGmM2XesnJyTIMQx9//HGDsV3YfDl16pSKioo0fvx4s/kiybxb6EIbNmyQl5eXJk6c6DHusLAw3X777Q3GHRISQvMFAAAAAAAAQJO4Awa4xlRUVMgwDPXo0aPBPpfLJUk6duyYua1r164eNfUPpT9z5oyl81/qePVLdd11112Nvr9Tp8vv+x47dqzBnSpS459TUoNMKioqVFdX1+idPhdvO3r0qAzDUGhoaKNjueWWW5o9FwAAAAAAAABciAYMcI0JCQlRp06dVFpa2mDf119/LUnq1q2bvvjii9YemnluSfrjH/+om2+++YqO1bVr10t+zgt5eXl5vA4JCZGXl5fKysoaHOPibd26dZOXl5c+/fRTs6l0oYu3XXwuAAAAAAAAALgQS5AB15jAwEANGTJE77//vsddLHV1dVq9erV69erl8VyU1hYfHy8fHx/94x//UFRUVKN/LteoUaO0Z88e/e1vf/PY/vvf/15eXl4aOXJks+8PDAzU3Xffrffff19nz541t584cUIffPCBR21CQoIMw9BXX33V6JgHDRp02eMGAAAAAAAAAO6AAa5B8+fPV2xsrEaOHKmZM2fKz89Py5YtU0lJid555502vTujT58+mjt3rp599ll9+eWXuu+++xQSEqKjR49q+/btCgwM1Jw5cy7rWL/85S/1+9//XmPGjNHcuXN18803a+PGjVq2bJkef/zxy2o0vfjii7rvvvsUGxurGTNmqLa2VgsWLFBgYKC+++47s2748OF69NFH9fDDD2vHjh269957FRgYqNLSUuXl5WnQoEF6/PHHLecCAAAAAAAA4PpCAwa4BsXExOjjjz/WCy+8oOT