0000 n
0000336683 00000 n
0000336841 00000 n
0000336877 00000 n
0000336927 00000 n
0000336964 00000 n
0000337061 00000 n
0000337097 00000 n
0000337133 00000 n
0000337318 00000 n
0000337354 00000 n
0000337390 00000 n
0000337548 00000 n
0000337584 00000 n
0000337634 00000 n
0000337794 00000 n
0000337831 00000 n
0000337867 00000 n
0000337917 00000 n
0000338088 00000 n
0000338125 00000 n
0000338161 00000 n
0000338197 00000 n
0000338381 00000 n
0000338417 00000 n
0000338453 00000 n
0000338612 00000 n
0000338648 00000 n
0000338698 00000 n
0000338735 00000 n
0000338831 00000 n
0000338868 00000 n
0000338904 00000 n
0000338940 00000 n
0000339073 00000 n
0000339109 00000 n
0000339145 00000 n
0000339280 00000 n
0000339316 00000 n
0000339352 00000 n
0000339487 00000 n
0000339523 00000 n
0000339559 00000 n
0000339669 00000 n
0000339705 00000 n
0000339741 00000 n
0000339837 00000 n
0000339873 00000 n
0000339909 00000 n
0000340030 00000 n
0000340066 00000 n
0000340102 00000 n
0000340223 00000 n