plent71dPTY2YyMjI0MDCgo0ePmpkjR45oYGDAL9PT06Pe3l4z43a7ZbPZlJqaamaam5s1PDzsl3E4HGO2JgMAAAAAAA8uGjAAAGBaW7FihbZs2aL9+/fr7NmzamhoUGVlpf7zf/7Pkt7b1qu0tFQVFRVqaGhQT0+PCgoKFBERoby8PEmS3W7X6tWrtW7dOh06dEhdXV164YUXlJKSoqysLEnS/Pnz9eyzz6qwsFDt7e1qb29XYWGhcnNzlZSUJElyOp1asGCB8vPz1dXVpUOHDmn9+vUqLCw0twrLy8uTzWZTQUGBenp61NDQoIqKCrlcrjtuiQYAAAAAAB4cbEEGAACmtaqqKn39619XcXGx+vr65HA4VFRU5TXnKAAASBpJREFUpG984xtmZsOGDRoaGlJxcbH6+/uVnp4ut9utWbNmmZlXX31VISEhWrVqlYaGhrRs2TLV1NQoODjYzNTV1amkpEROp1OStHLlSlVXV5vng4ODtX//fhUXF2vx4sUKDw9XXl6etm/fbmbsdruampq0Zs0apaWlKTo6Wi6Xy+8zXgAAAAAAwIOPBgwAAJjWZs2apZ07d2rnzp0TZoKCglReXq7y8vIJMzNnzlRVVZWqqqomzMyePVu1tbW3Hc8TTzyht95667aZlJQUNTc33zYDAAAAAAAebGxBBgAAAAAAAAAAYDEaMAAAAAAAAAAAABajAQMAAAAAAAAAAGAxGjAAAAAAAAAAAAAWowEDAAAAAAAAAABgMRowAAAAAAAAAAAAFqMBAwAAAAAAAAAAYDEaMAAAAAAAAAAAABajAQMAAAAAAAAAAGAxGjAAAAAAAAAAAAAWowEDAAAAAAAAAABgMRowAAAAAAAAAAAAFqMBAwAAAAAAAAAAYDEaMAAAAAAAAAAAABajAQMAAAAAAAAAAGAxGjAAAAAAAAAAAAAWowEDAAAAAAAAAABgMRowAAAAAAAAAAAAFqMBAwAAAAAAAAAAYDEaMAAAAAAAAAAAABajAQMAAAAAAAAAAGAxGjAAAAAAAAAAAAAWm1QDpry8XEFBQX