px4oRZk5KSonXr1ikrK0t5eXk6efKkEhISVFtba9YkJiZq165dys7OVnZ2tnbt2qWkpCRzf21trcaMGaNTp04pLy9PWVlZeu+99zRjxgyzpqqqSrGxsXK5XCoqKlJmZqYWLVqkjIyMqxsUAAAAAACwlU9bDwAAAOBqWrBggXr37q233nrL3NanTx/zfxuGoSVLlujZZ5/V+PHjJUmrVq1SaGio1q5dqylTpqiyslIrVqzQ22+/rdGjR0uSVq9erd69e+ujjz5SfHy8Pv/8c2VnZ6uwsFBDhgyRJC1fvlzR0dHau3evIiIilJOToz179ujw4cNyuVySpMWLFys5OVnz5s1TcHCw1qxZo7Nnz2rlypVyOByKjIzUvn37lJGRodTUVHl5ebVScgAAAAAA4ErQgAEAAB3a+vXrFR8fr3/7t3/Tli1b1LNnT02dOlWTJ0+WJO3fv19lZWWKi4sz3+NwOBQTE6P8/HxNmTJFxcXFqqmp8ahxuVyKjIxUfn6+4uPjVVBQIKfTaTZfJGno0KFyOp3Kz89XRESECgoKFBkZaTZfJCk+Pl5ut1vFxcUaOXKkCgoKFBMTI4fD4VEza9YsHThwQOHh4Q0+o9vtltvtNl9XVVVJkmpqalRTU3NF+dW/39Gp6SXQrvQcHVV9LuTTMuRmDblZQ27W2Zkd+QMAgI6qRQ2Yc+fOKS0tTWvWrFFZWZl69Oih5ORk/eY3v1GnTudXMzMMQ3PmzNGbb76piooKDRkyRK+99poGDhxoHsftdmvmzJl65513dObMGY0aNUrLli1Tr169zJqKigpNnz5d69evlySNGzdOmZmZHsuFHDp0SNOmTdPHH38sf39/JSYmatGiRfLz8zNrdu/erSeeeELbt29Xly5dNGXKFD333HNcPQoAwHXiyy+/1Ouvv67U1FTNnj1b27dv1/Tp0+VwOPTzn/9cZWVlkqTQ0FCP94WGhurgwYOSpLKyMvn5+SkkJKRBTf37y8rK1L179wbn7969u0fNxecJCQmRn5+fR82Fd+hcOLaysrJ