AP/zAf+9jHMmjQoHz/+9/P7t2734PVvn/0d24bN27MH/7hH+YnP/lJzjjjjPdyqe8r/Z3bihUrcuedd+bv//7vK8dWrVqVW2+9NS+++OJ7sub3m5qammzYsCGf+9znjpvxswEAAADg1OAJmIL09PRk586daWxsrDre2NiYLVu2HPM9W7du7ZOfNWtWHn/88fT29r5ra32/Gcjs3urNN9/MwYMHP1C/HB/o3L71rW/l7//+7/MXf/EX7/YS35cGMrcf/OAHmTJlSm699dacffbZ+fjHP57rrrsuhw8ffi+W/L4wkLldeOGFeemll/LQQw+lXC7n5Zdfzn//7/89l19++Xux5N9YfjYAAAAAnBoGn+wFnCp++tOf5siRIxk3blzV8XHjxqWzs/OY7+ns7Dxm/he/+EV++tOf5qyzznrX1vt+MpDZvdVtt92WQ4cO5corr3w3lvi+NJC5/fjHP86f/dmf5Uc/+lEGD/5g/t9/IHP7yU9+ks2bN2fYsGHZsGFDfvrTn2bhwoX5+c9//oH5HpiBzO3CCy/MunXr8vnPfz5vvPFGfvGLX2Tu3LlZtWrVe7Hk31h+NgAAAACcGjwBU7Campqq1+Vyuc+xt8sf6/gHQX9nd9S3v/3ttLa25jvf+U7Gjh37bi3vfevXnduRI0fS1NSUG2+8MR//+Mffq+W9b/Xn79ubb76ZmpqarFu3Lp/61KfyB3/wB1m5cmXWrFnzgXoKJunf3J566qksXrw4f/7nf56dO3dm48aNee655/KlL33pvVjqbzQ/GwAAAAB+830w/xP4d8GYMWMyaNCgPv8l+L59+/r8l8xH1dXVHTM/ePDgnHnmme/aWt9vBjK7o77zne/kmmuuyXe/+93MmDHj3Vzm+05/53bw4ME8/vjj2bVrV7785S8n+WWxUC6XM3jw4LS1teUzn/nMe7L2k2kgf9/OOuusnH322amtra0cO++881Iul/PSSy/lYx/72Lu65veDgcztlltuyUUXXZQ/+ZM/SZJ84hOfyMiRI/PpT386X//61z3JcRx+NgAAAACcGj