funKPNSy+9ZCpVqmQ+/PBD88MPP5hHHnnE1KpVy6SmpjraDBw40NSuXdskJiaab7/91tx7773m9ttvNxkZGY42999/v4mMjDQbNmwwGzZsMJGRkaZz587FerzXavPmzaZ+/fqmUaNG5rnnnnMsJyNjTp48aerVq2f69u1rNm3aZPbt22dWrVplfvnlF0eb8p7T5MmTTbVq1czy5cvNvn37zAcffGAqVqxo4uPjHW3KY0YrVqwwY8eONR9++KGRZJYtW+a0vrgyycjIMJGRkebee+813377rUlMTDRhYWHmmWeeKfIMgGtV1sYvjE+clffxB2OMbOV1HME4IVtBOZw+fdq0bdvWLF261Pz4448mKSnJNG/e3DRt2tTpOcpCDig7ytrY5VpNmDDB3HbbbSY5Odnx7+jRo4717nzWlTXF9fnvyVxl1KdPH3P//fc7va9OnDjh1KasZ1Scf1d4KncyKi/vJQowxeTOO+80AwcOdFp2yy23mFGjRpVQj4rX0aNHjSSzZs0aY4wxWVlZJjQ01Lz00kuONpcuXTLBwcHmtddeM8ZkD/h9fX3NkiVLHG2OHDliKlSoYFauXGmMMWb37t1Gktm4caOjTVJSkpFkfvzxx+I4tGt29uxZc9NNN5nExEQTHR3tOAFCRtlGjhxp7r777nzXk5MxnTp1Mk899ZTTsu7du5snnnjCGENGxphcg8bizGTFihWmQoUK5siRI44277//vrHZbObMmTNFcryAVcr6+KU8j08YfzDGyME4gnFCjrxOsl1p8+bNRpLjZHZZzAGerayPXQprwoQJ5vbbb89znTufdWVdUX3+lyX5FWC6deuW7zblLSNjiu7virLkyoyMKT/vJaYgKwbp6enatm2bYmJinJbHxMRow4YNJdSr4nXmzBlJUtWqVSVJ+/btU0pKilMmNptN0dHRjky2bdsmu93u1CYsLEyRkZGONklJSQoODlbz5s0dbe666y4FBwd7TLaDBw9Wp06d1LZtW6flZJTt008/VbNmzfTwww+rZs2aatKkid58803HenKS7r7