DYsWPVt29fDRs2TJLUq1cvDR8+XOPHj9eWLVu0ZcsWjR8/XvHx8QoPD5ckxcbGqnfv3kpMTNSOHTu0ceNGTZ06VePHjzfbhCUkJMjhcCgpKUmFhYVavXq10tLSlJKScsGWaAAAAAAAoGWhBRkAAGjVDh8+rJ///Of6/vvvdd1112nAgAHasmWLbrjhBknSM888o9OnT2vixIkqLS1V//79lZWVpaCgIPMcr732mnx8fDRmzBidPn1aQ4cO1ZIlS+Tt7W3GrFixQpMnT1ZsbKwkadSoUVqwYIG539vbW+vXr9fEiRM1aNAg+fv7KyEhQXPnzjVjnE6nsrOzNWnSJEVGRiokJEQpKSke73cBAAAAAABXBgowAACgVVu1alWD+728vJSamqrU1NR6Y9q2bauMjAxlZGTUG9OuXTstX768wbGuv/56rVu3rsGYvn37avPmzQ3GAAAAAACAlo8WZAAAAAAAAAAAADajAAMAAAAAAAAAAGAzCjAAAAAAAAAAAAA2owADAAAAAAAAAABgMwowAAAAAAAAAAAANqMAAwAAAAAAAAAAYDMKMAAAAAAAAAAAADajAAMAAAAAAAAAAGAzCjAAAAAAAAAAAAA2owADAAAAAAAAAABgMwowAAAAAAAAAAAANqMAAwAAAAAAAAAAYDMKMAAAAAAAAAAAADajAAMAAAAAAAAAAGAzCjAAAAAAAAAAAAA2owADAAAAAAAAAABgs0YXYL755huNHTtW7du3V0BAgG699VYVFBSY+w3DUGpqqlwul/z9/TV48GB98cUXHudwu9166qmn1KFDBwUGBmrUqFE6fPiwR0xpaakSExPldDrldDqVmJioY8eOecQcPHhQI0eOVGBgoDp06KDJkyeroqLCI2bXrl2Kjo6Wv7+/OnfurJkzZ8owjMZ+bQAAAAAAAAAAgIvWqAJMaWmpBg0aJF9fX3344YfavXu35s2bp2uvvdaMmTNnjtLT07VgwQLl5+crLCxMMTExOn78uBmTnJys1atXa9WqVcrJydGJEycUHx+vqqoqMyYhI