KECamrq6vaPqWnpyePPvpopVyZPHlyhgwZUpXZu3dvOjo6Kplp06Zl//79eeyxxyqZ7du3Z//+/VWZjo6O7N27t5Jpa2tLqVTK5MmTK5lNmzalp6enKlNfX99nazIAAAAAAIAi9auA+epXv5of/ehHef755/PEE0/khhtuyN/+7d/mC1/4QmpqarJkyZIsX748GzZsSEdHR+bNm5cRI0akqakpSVJbW5trrrkmS5cuzSOPPJJdu3blqquuyqRJkzJjxowkyXnnnZfLLrss8+fPz7Zt27Jt27bMnz8/s2fPzsSJE5MkjY2NOf/889Pc3Jxdu3blkUceyXXXXZf58+dXtglrampKqVTKvHnz0tHRkQ0bNmT58uVpaWl52y3RAAAAAAAA3ol+bUH28ssvp7m5OXv37k1tbW0+8YlPZOPGjZk5c2aS5Prrr8/hw4ezcOHCdHV1ZerUqWlra8vpp59eucbtt9+ewYMH58orr8zhw4dz6aWXZs2aNRk0aFAls27duixevDiNjY1Jkrlz52b16tWV84MGDcqDDz6YhQsX5qKLLsrw4cPT1NSUFStWVDK1tbVpb2/PokWLMmXKlIwePTotLS1V3+8CAAAAAADwbuhXAXP33Xef8HxNTU1aW1vT2tp63MywYcOyatWqrFq16riZM844I2vXrj3hvc4555w88MADJ8xMmjQpmzZtOmEGAAAAAACgaO/4O2AAAAAAAACopoABAAAAAAAomAIGAAAAAACgYAoYAAAAAACAgilgAAAAAAAACqaAAQAAAAAAKJgCBgAAAAAAoGAKGAAAAAAAgIIpYAAAAAAAAAqmgAEAAAAAACiYAgYAAAAAAKBgChgAAAAAAICCKWAAAAAAAAAKpoABAAAAAAAomAIGAAAAAACgYAoYAAAAAACAgilgAAAAAAAACqaAAQAAAAAAKJgCBgAAAAAAoGAKGAAAAAAAgIIpYAAAAAAAAAqmgAEAAAAAACiYAgYAAAAAAKBgChgAAAAAAICCKWAAAAAAAAAKpoABAAAAAAAomAIGAAAAA