 n
0000154004 00000 n
0000159874 00000 n
0000164028 00000 n
0000167802 00000 n
0000173705 00000 n
0000179133 00000 n
0000182449 00000 n
0000188313 00000 n
0000194808 00000 n
0000201337 00000 n
0000205665 00000 n
0000211066 00000 n
0000215265 00000 n
0000220555 00000 n
0000226329 00000 n
0000231653 00000 n
0000236531 00000 n
0000242212 00000 n
0000245926 00000 n
0000253109 00000 n
0000259077 00000 n
0000264666 00000 n
0000271227 00000 n
0000277806 00000 n
0000284675 00000 n
0000289773 00000 n
0000295871 00000 n
0000301015 00000 n
0000306693 00000 n
0000311409 00000 n
0000315194 00000 n
0000318513 00000 n
0000323005 00000 n
0000323108 00000 n
0000323211 00000 n
0000323314 00000 n
0000323417 00000 n
0000323520 00000 n
0000323659 00000 n
0000323762 00000 n
0000323865 00000 n
0000323968 00000 n
0000324099 00000 n
0000324202 00000 n
0000324305 00000 n
0000324408 00000 n
0000324511 00000 n
0000324614 00000 n
0000324717 00000 n
0000324876 00000 n
0000324979 00000 n
0000325082 00000 n
000