9o3rx5mjZtWr7b5fyAxNvbWx9//HEx9RYAAJRGX3/9tdNjLy8vxcXFKS4uLt9t/P39NXv2bM2ePTvfNlWrVtWiRYsK3HfdunW1fPnyAts0bNhQa9euLbANAADlkccUYI4fP67MzMxcN3ALCQnJdbO3HD///LNGjRqldevWycfHvUOdNm2aJk6cmGt5QkKCAgMDC9/xfLzYLCvP5StWrLBsH54uMTGxpLvgEcjJNTJyDzm5xxNyunDhQkl3Af9fcf2ABAAAAAAAlD4eU4DJceX8ocaYPOcUzczMVM+ePTVx4kTdfPPNbj//6NGjnS6TTU1NVZ06dRQTE+OY3/Ra2O12JSYmatzWCkrLyt3vnXHtr3kfni4no3bt2nnUjZeKGzm5RkbuISf3eFJOOVdvouQV1w9IivIKXldX717epizzpKvgihI5ZCOHbOTwB7LIdrU5lPfcAABA2eUxBZjq1avL29s718mKo0eP5jqpIUlnz57V1q1btX37dj3zzDOSpKysLBlj5OPjo4SEBN133325trPZbLLZbLmW+/r6WnrCLS3LS2mZuQswpf2kXnGyOvOyipxcIyP3kJN7PCGn0t6/8qiof0BSHFfw5nf1rlS+ruD1hKvgigM5ZCOHbOTwB7LIVtgcuHoXAACUVR5TgPHz81PTpk2VmJioBx980LE8MTFR3bp1y9W+cuXK+uGHH5yWzZ07V19++aX+85//KDw8vMj7DAAAyrfi+gFJUV7B6+rqXal8XMHrSVfBFSVyyEYO2cjhD2SR7Wpz4OpdAABQVnlMAUaSYmNj1atXLzVr1kxRUVF64403dPDgQQ0cOFBS9smHI0eO6J133lGFChUUGRnptH3NmjXl7++fazkAAEBRKK4fkBTHFbz5Xb2bs5/ywhOugisO5JCNHLKRwx/IIlthcyAzAABQVnlUAeaRRx7RiRMnNGnSJCUnJysyMlIrVqxQvXr1JEnJyck6ePBgCfcSAADgD/yABAAAAACA8smjCjCSNGjQIA0aNCjPdQsXLixw27i4OMXFxVnfKQAAgHzwAxIAAAAAAMonjyvAAAAAeBp+QAIAAAAAQ