ream
endobj
737 0 obj
<<
/Type /FontDescriptor
/StemV 69
/Descent -228
/StemH 61
/FontBBox [-4 -233 537 696]
/CapHeight 610
/CharSet (/i/v/numbersign/d/e/f/n/R/E/P/parenleft/comma/a/b/parenright/o/r/t/equal/semicolon/less/plus/c/l/u/m/p/period/h/bracketleft/zero/N/bracketright/g/colon/s/x/Q/L/k/D/q/V/A/y/C/w/B/S/T/M/I/j/bar/ampersand/slash/hyphen/O/U/one/three/four/seven/two/nine/five/eight/six/K/exclam/G/F/asterisk/percent/quoteleft/quoteright/z/H/question)
/FontFile3 784 0 R
/Flags 32
/XHeight 430
/FontName /PJPJHJ#2BCMTT10
/Ascent 610
/ItalicAngle 0
>>
endobj
738 0 obj
<<
/Type /Encoding
/Differences [2 /ff /ffi /ffl 40 /parenleft /parenright 44 /comma /hyphen /period /slash /zero /one /two /three /four /five /six /seven /eight /nine /colon 63 /question 65 /A /B /C /D /E /F /G /H /I /J /K /L /M /N /O /P /Q /R /S /T /U /V /W /X /Y /Z 97 /a /b /c /d /e /f /g /h /i /j /k /l /m /n /o /p /q /r /s /t /u /v /w /x /y /z 144 /quoteright 147 /fi /fl]
>>
endobj
739 0 obj
<<
/Type /FontDescriptor
/StemV 68
/Descent -204
/StemH 31
/Fon