Object 609 0 R
/Font 610 0 R
/Properties 611 0 R
>>
endobj
462 0 obj
<<
/ExtGState 612 0 R
/ProcSet [/PDF /Text /ImageB]
/XObject 613 0 R
/Font 614 0 R
>>
endobj
463 0 obj
<<
/ExtGState 615 0 R
/ProcSet [/PDF /Text /ImageB]
/XObject 616 0 R
/Font 617 0 R
>>
endobj
464 0 obj
<<
/ExtGState 618 0 R
/ProcSet [/PDF /Text /ImageB /ImageC /ImageI]
/XObject 619 0 R
/ColorSpace 620 0 R
/Font 621 0 R
/Properties 622 0 R
>>
endobj
465 0 obj
<<
/ExtGState 623 0 R
/ProcSet [/PDF /Text /ImageB]
/XObject 624 0 R
/Font 625 0 R
>>
endobj
466 0 obj
<<
/ExtGState 626 0 R
/ProcSet [/PDF /Text /ImageB]
/XObject 627 0 R
/Font 628 0 R
>>
endobj
467 0 obj
<<
/ExtGState 629 0 R
/ProcSet [/PDF /Text /ImageB]
/XObject 630 0 R
/Font 631 0 R
>>
endobj
468 0 obj
<<
/ExtGState 632 0 R
/ProcSet [/PDF /Text /ImageB]
/XObject 633 0 R
/Font 634 0 R
>>
endobj
469 0 obj
<<
/ExtGState 635 0 R
/ProcSet [/PDF /Text /ImageB]
/XObject 636 0 R
/Font 637 0 R
>>
endobj
470 0 obj
<<
/ExtGState 638 0 R
/ProcSet [/PDF /Text /ImageB]
/XObject 639 0 R
/Font 640 0 R
>>
endobj
471 0 obj
<<
/ExtGState 641 0 R
