cdO3Y0+nsePHhQY8eOVceOHeVwONSrVy/NmzdP1dXVZsz+/fvl5eWlOXPm6OWXX1b37t3lcDj06aefSpLWr1+vW2+9VQ6HQ927d9fcuXPrHMswDC1cuFC33nqr/P39FRISop/97Gf6+uuvPeIGDx6siIgIbd68WQMHDlRAQID+8z//s9HfDQAAXD5JSUm68847JUkPPvigvLy8NHjwYCUlJemaa67Rrl27FBsbq6CgIA0dOlSSlJ2drfvvv19dunRR27Zt9W//9m+aMGGCvv/++1rn7tatW60x62pxWl5ervHjx6t9+/a65pprNHz4cO3du/fyfGkAAAAALQoFGOAKtGnTJt1zzz0qKyvT4sWL9e677yooKEgjR47Ue++95xH7y1/+Ur6+vlq5cqXmzJmjzz77TGPHjrU89sWcLy0tTT//+c/Vu3dv/e///q+WLVum48eP66677tLu3bsveqzvvvtOAwcOVFZWll566SWtWbNGw4YN09SpU/Xkk0/Wiv/d736nTz75RHPnztWHH36om266SRs3btT999+voKAgrVq1Sq+++qr+93//V++8806t4ydMmKDk5GQNGzZMf/7zn7Vw4UJ98cUXGjhwoI4cOeIRW1RUpLFjxyohIUEbNmzQxIkTL/p7AQCAy+/555/XG2+8Ienc2iQvL08LFy6UJFVUVGjUqFG655579Je//EUzZsyQJP3zn/9UVFSU3nzzTWVlZemFF17Q1q1bdeedd6qysrLRczAMQw888ICWLVumKVOmaPXq1RowYIDuvfde+74oAAAAgBaLFmTAFejZZ59VSEiIPvvsM11zzTWSpPj4eN16662aOnWqxowZY8YOHz5cv/vd78zPP/zwg5555hkVFxcrLCys0WNf6HyHDh3Siy++qCeffNIjLiYmRj169NCMGTNqFYnqk56erm+++UZbt27VHXfcIUmKi4tTVVWVfv/73ys5Odmjj3vbtm310UcfydfX19z20EMPKTQ0VNnZ2Wrbtq15jvPvWt2yZYsWLVqkefPmKSUlxdx