KigQMHmjFHjhypNe53333ncZ6tW7d67C8tLVVlZaVHTM3TMD8eR6r9lE4Nh8Ph0bKshq+vr20XFN3VXnJX1V2A4aJlw+z853A1IW/WkDdryFvd6vt7/8fsyB25BwAArVWb5p4AAADA5WQYhp588kl98MEH+uSTT2q18OrevbvCwsI8WqhUVFRo06ZNZnGlX79+8vX19YgpKipSYWGhGRMVFaWysjJt27bNjNm6davKyso8YgoLC1VUVGTGZGVlyeFwqF+/fmbM5s2bVVFR4RHjcrlqtSYDAAAAAAAtFwUYAADQqk2aNEnLly/XypUrFRQUpOLiYhUXF+v06dOSzrX1Sk5OVlpamlavXq3CwkIlJSUpICBACQkJkiSn06lHH31UU6ZM0caNG7Vjxw6NHTtWffv21bBhwyRJvXr10vDhwzV+/Hht2bJFW7Zs0fjx4xUfH6/w8HBJUmxsrHr37q3ExETt2LFDGzdu1NSpUzV+/HizVVhCQoIcDoeSkpJUWFio1atXKy0tTSkpKRdsiQYAAAAAAFoOWpABAIBW7c0335QkDR482GP7O++8o6SkJEnSM888o9OnT2vixIkqLS1V//79lZWVpaCgIDP+tddek4+Pj8aMGaPTp09r6NChWrJkiby9vc2YFStWaPLkyYqNjZUkjRo1SgsWLDD3e3t7a/369Zo4caIGDRokf39/JSQkaO7cuWaM0+lUdna2Jk2apMjISIWEhCglJcXjHS8AAAAAAKDlowADAABatZoX2DfEy8tLqampSk1NrTembdu2ysjIUEZGRr0x7dq10/Llyxsc6/rrr9e6desajOnbt682b97cYAwAAAAAAGjZaEEGAAAAAAAAAABgMwowAAAAAAAAAAAANqMAAwAAAAAAAAAAYDMKMAAAAAAAAAAAADajAAMAAAAAAAAAAGAzCjAAAAAAAAAAAAA2owADAAAAAAAAAABgMwowAAAAAAAAAAAANqMAAwAAAAAAAAAAYDMKMAAAAAAAAAAAADajAAMAAAAAAAAAAGAzCjAA