",
       "    </tr>\n",
       "    <tr>\n",
       "      <th>18</th>\n",
       "      <td>18</td>\n",
       "      <td>11.085152</td>\n",
       "      <td>34.661351</td>\n",
       "      <td>2.530758</td>\n",
       "      <td>1.0</td>\n",
       "      <td>0.0</td>\n",
       "      <td>0.0</td>\n",
       "      <td>1.0</td>\n",
       "      <td>not_fraud</td>\n",
       "    </tr>\n",
       "    <tr>\n",
       "      <th>19</th>\n",
       "      <td>19</td>\n",
       "      <td>6.194671</td>\n",
       "      <td>1.142014</td>\n",
       "      <td>0.307217</td>\n",
       "      <td>1.0</td>\n",
       "      <td>0.0</td>\n",
       "      <td>0.0</td>\n",
       "      <td>0.0</td>\n",
       "      <td>not_fraud</td>\n",
       "    </tr>\n",
       "  </tbody>\n",
       "</table>\n",
       "</div>"
      ],
      "text/plain": [
       "    Unnamed: 0  distance_from_home  distance_from_last_transaction  \\\n",
       "0            0           57.877857                        0.311140   \n",
       "1            1           10.829943                        0.175592   \n",
       "2            2            5.091079             