CQWf/KK6/Ix8dHEyZM0JkzZzRq1CitXLlS3t7eZs2aNWs0ffp0xcXFSZLGjRunpUuXmvu9vb21ceNGTZ06VcOHD5e/v78SExO1aNEis8bpdCo3N1fTpk1TVFSUQkJClJqa6vGMFwAAAAAA0P7RgAEAAB1a/QPsm+Pl5aW0tDSlpaU1WdO5c2dlZmYqMzOzyZouXbpo9erVzZ7rpptu0oYNG5qtGTRokLZu3dpsDQAAAAAAaN9YggwAAAAAAAAAAMBmNGAAAAAAAAAAAABsRgMGAAAAAAAAAADAZjRgAAAAAAAAAAAAbEYDBgAAAAAAAAAAwGY0YAAAAAAAAAAAAGxGAwYAAAAAAAAAAMBmNGAAAAAAAAAAAABsRgMGAAAAAAAAAADAZjRgAAAAAAAAAAAAbEYDBgAAAAAAAAAAwGY0YAAAAAAAAAAAAGxGAwYAAAAAAAAAAMBmLWrAzJ8/X3fddZeCgoLUvXt3/fCHP9TevXs9agzDUFpamlwul/z9/TVixAh99tlnHjVut1tPPvmkunXrpsDAQI0bN05HjhzxqKmoqFBSUpKcTqecTqeSkpJ0/Phxj5pDhw5p7NixCgwMVLdu3TR9+nRVV1d71OzevVsxMTHy9/dXz549NXfuXBmG0ZKPDQAAAAAAAAAA0CItasBs2bJF06ZNU2FhoXJzc3Xu3DnFxcXp1KlTZs3ChQuVkZGhpUuXqqioSGFhYYqNjdWJEyfMmpSUFK1bt05ZWVnKy8vTyZMnlZCQoNraWrMmMTFRu3btUnZ2trKzs7Vr1y4lJSWZ+2trazVmzBidOnVKeXl5ysrK0nvvvacZM2aYNVVVVYqNjZXL5VJRUZEyMzO1aNEiZWRkWAoLAAAAAAAAAADgcrSoAZOdna3k5GQNHDhQt99+u9566y0dOnRIxcXFks7f/bJkyRI9++yzGj9+vCIjI7Vq1SqdPn1aa9eulSRVVlZqxYoVWrx4sUaPHq0777xTq1ev1u7du/XRRx9Jkj7//HNlZ2frP//zPxUdHa3o6GgtX75cGzZsMO+4ycnJ0Z49e7R69Wrdeee