aoYcOGOn36tFauXKnY2Fjdcsstlh8HrpHBVZFkli1b5nj873//20gyQUFBTv98fHxMjx49jDHG9O/f30gye/fudWy3bds2I8n8+OOPxX0IuAqffvqpadSokfHz8zN169Y1L730kpkwYYK5/H+levXqmT59+jgev/LKK6ZFixamevXqju369etn9u/f7/Tco0ePNmFhYaZChQpGkvnqq6+MMcZs2LDBREVFmcDAQFOjRg3z9NNPm2+//dZIMgsWLHBs36dPHxMUFJSrz1f2zxhjLl68aMaPH29uuukm4+fnZ6pVq2buu+8+s2HDBqd2b731lmnevLkJCgoyAQEB5sYbbzS9e/c2W7dudTuzffv2GUnm5ZdfzrNfx44dy7XNxYsXzciRI029evWMr6+vqVWrlvnrX/9qTp065dSuXr16plOnTrm2l2QGDx7sVj8K8tVXXxlJ5oMPPsjzuS7P3xhj/vWvfzneH8HBwaZbt25m165dTm3ye52io6PNbbfdlmt5Xsd47NgxM2TIEBMeHm58fX1N1apVTdOmTc3YsWPNuXPn3D4+AOULYxdrMSYoX2OCvL77T506Zfr162dq1qxpAgMDzd13323WrVtnoqOjTXR0tKPdtb7u7shv2/xyMcaYzz77zNx+++3G39/f1K5d27zwwgvmv//9b6595zdG6dOnj6lXr16hjtPdzHLaPvfcc6Zu3brG19fX1KxZ03Tq1Mnps2fVqlWmSZMmxmazGUmO/98WLFhgJJl9+/Y5Pee1jNXy+v8HAEqj/L5XDx8+bP785z+bKlWqmEqVKpn777/f7Ny5M9d4xRhj4uPjTXh4uPH29nb6/rvys98Y97+r3ZHf91lmZqaZPn26ufnmm42vr6+pXr26eeKJJ8yhQ4cK9fw53w9btmxxWp5fZnl9J9jtdjNz5kzHd2jFihXNLbfcYgYMGGB+/vlnR7u0tDQzbNgwU7NmTePv72/uuusuk5SUlCvvnPMOl3/3uvta5Xc8eT2nKzkZbNu2zXTp0sVUrFjRVKpUyTz22GPm999/d2qblpZmRowYYerUqWMCAgJMdHS02bFjh9