lRYV8rV+csCiO/Pucc09W48r2YmJiozMxMDR482OW27oxBpOypxVq2bKmKFSvKx8dHvr6+mj9/vlNed9xxh6TsY/r3v/+tI0eO5Nrf8uXLFRkZqcaNGzu9xu3bt3d7itgrXZlpz549JSlXpvfdd5+qVKni8vn++9//6t5773W8b/NSFMeBq8cUZIVw/vx53X777XryySdzfXi467nnnlNCQoJmzpyphg0b6syZMzp+/LjFPYXVTp06paysLIWGhuZal9eyy40ePVpBQUFatGiRXnvtNXl7e+uee+7R9OnT1axZswK3PXfunFq1aiV/f39NnjxZN998swIDA3Xo0CF1795dFy9edGofGBjodDJIkmw2my5duuR4fOzYMYWFhalChfzrr7///ruMMflOKXLDDTcU2O/CyLm0OMeJEyfk4+OTawoJLy8vhYaG6sSJE07Lq1at6vTYz8+vwOWXZ+GuatWqOT3OuYQ6J/+cPl15LJIUFhamxMREp2V5vU5+fn65+pyz/PI+//777/rss8/yvfSXzxMAl2PsYj3GBM7K25jgcrGxsXr11Vc1cuRIRUdHq0qVKqpQoYKefvppp9fjWl53K+Q1Pjl48KBatWqlBg0a6B//+Ifq168vf39/bd68WYMHD871frpyLCRlv58Ke5zuZnbs2DHVrVvXqggsGatd+f8PAJR2V37m9ezZU6tXr9a4ceN0xx13qHLlyo4fB175ue+uwn5XX+0+pPw/w6+myFCYMcOVf4+fPn3a0f5KOWPknD5fOTb08fHJ8zv1SoV9rVydsyiM/Pp8La/lla9dzj1lcu4PWBB3xiAfffSRevTooYcfflgvvPCCQkND5ePjo3nz5jlNq3rPPffo448/1j//+U/17t1baWlpuu222zR27Fg99thjkrJf419++cWycy55veY5GV+ZaV7v8bwcO3bMZXZWHweuDQWYQujQoYPjV+Z5SU9P19/+9jctXrxYp0+fVmRkpKZPn67WrVtLyv5l4rx587Rz507H/MbwDFWqVJGXl5dSUlJyrctr2eV8fHw