rdf:about=""
            xmlns:photoshop="http://ns.adobe.com/photoshop/1.0/">
         <photoshop:ColorMode>3</photoshop:ColorMode>
         <photoshop:History/>
         <photoshop:ICCProfile>sRGB IEC61966-2.1</photoshop:ICCProfile>
      </rdf:Description>
      <rdf:Description rdf:about=""
            xmlns:xapMM="http://ns.adobe.com/xap/1.0/mm/">
         <xapMM:DerivedFrom rdf:parseType="Resource"/>
         <xapMM:InstanceID>uuid:C7F78D180AB6E011B474999D7719C807</xapMM:InstanceID>
         <xapMM:DocumentID>uuid:C6F78D180AB6E011B474999D7719C807</xapMM:DocumentID>
      </rdf:Description>
      <rdf:Description rdf:about=""
            xmlns:tiff="http://ns.adobe.com/tiff/1.0/">
         <tiff:Orientation>1</tiff:Orientation>
         <tiff:XResolution>720000/10000</tiff:XResolution>
         <tiff:YResolution>720000/10000</tiff:YResolution>
         <tiff:ResolutionUnit>2</tiff:ResolutionUnit>
         <tiff:NativeDigest>256,257,258,259,262,274,277,284,530,531,282,283,296,301,318,319,529,53